// !$*UTF8*$!
{
	archiveVersion = 1;
	classes = {
	};
	objectVersion = 50;
	objects = {

/* Begin PBXBuildFile section */
		591F1732224CC0740072167B /* ViewControllerML.swift in Sources */ = {isa = PBXBuildFile; fileRef = 591F1731224CC0740072167B /* ViewControllerML.swift */; };
		591F1734224CC0810072167B /* Inceptionv3.mlmodel in Sources */ = {isa = PBXBuildFile; fileRef = 591F1733224CC0810072167B /* Inceptionv3.mlmodel */; };
		59241BDF2244855C0006141B /* AppDelegate.swift in Sources */ = {isa = PBXBuildFile; fileRef = 59241BDE2244855C0006141B /* AppDelegate.swift */; };
		59241BE12244855C0006141B /* ViewController.swift in Sources */ = {isa = PBXBuildFile; fileRef = 59241BE02244855C0006141B /* ViewController.swift */; };
		59241BE42244855C0006141B /* Main.storyboard in Resources */ = {isa = PBXBuildFile; fileRef = 59241BE22244855C0006141B /* Main.storyboard */; };
		59241BE62244855D0006141B /* Assets.xcassets in Resources */ = {isa = PBXBuildFile; fileRef = 59241BE52244855D0006141B /* Assets.xcassets */; };
		59241BE92244855D0006141B /* LaunchScreen.storyboard in Resources */ = {isa = PBXBuildFile; fileRef = 59241BE72244855D0006141B /* LaunchScreen.storyboard */; };
		59241BF42244855D0006141B /* TestCardTests.swift in Sources */ = {isa = PBXBuildFile; fileRef = 59241BF32244855D0006141B /* TestCardTests.swift */; };
		59241BFF2244855D0006141B /* TestCardUITests.swift in Sources */ = {isa = PBXBuildFile; fileRef = 59241BFE2244855D0006141B /* TestCardUITests.swift */; };
		59241C0D2244862B0006141B /* CollectionViewController.swift in Sources */ = {isa = PBXBuildFile; fileRef = 59241C0C2244862B0006141B /* CollectionViewController.swift */; };
		59241C0F224486930006141B /* CollectionViewCell.swift in Sources */ = {isa = PBXBuildFile; fileRef = 59241C0E224486930006141B /* CollectionViewCell.swift */; };
		59241C1122449CE90006141B /* CardModel.swift in Sources */ = {isa = PBXBuildFile; fileRef = 59241C1022449CE90006141B /* CardModel.swift */; };
		592591222248CB7B00D267C3 /* CollectionReusableView.swift in Sources */ = {isa = PBXBuildFile; fileRef = 592591212248CB7B00D267C3 /* CollectionReusableView.swift */; };
		84533113111A0D1D3FBBA91C /* Pods_TestCardTests.framework in Frameworks */ = {isa = PBXBuildFile; fileRef = E59524EC754B5E29160A2461 /* Pods_TestCardTests.framework */; };
		B8570CA26746234DFD3B0117 /* Pods_TestCard.framework in Frameworks */ = {isa = PBXBuildFile; fileRef = 3167DC309603DDD090C7877C /* Pods_TestCard.framework */; };
		FDACAC2919517324DB92BCEF /* Pods_TestCardUITests.framework in Frameworks */ = {isa = PBXBuildFile; fileRef = 81F4B775D7489704C15DD20A /* Pods_TestCardUITests.framework */; };
/* End PBXBuildFile section */

/* Begin PBXContainerItemProxy section */
		59241BF02244855D0006141B /* PBXContainerItemProxy */ = {
			isa = PBXContainerItemProxy;
			containerPortal = 59241BD32244855C0006141B /* Project object */;
			proxyType = 1;
			remoteGlobalIDString = 59241BDA2244855C0006141B;
			remoteInfo = TestCard;
		};
		59241BFB2244855D0006141B /* PBXContainerItemProxy */ = {
			isa = PBXContainerItemProxy;
			containerPortal = 59241BD32244855C0006141B /* Project object */;
			proxyType = 1;
			remoteGlobalIDString = 59241BDA2244855C0006141B;
			remoteInfo = TestCard;
		};
/* End PBXContainerItemProxy section */

/* Begin PBXFileReference section */
		3167DC309603DDD090C7877C /* Pods_TestCard.framework */ = {isa = PBXFileReference; explicitFileType = wrapper.framework; includeInIndex = 0; path = Pods_TestCard.framework; sourceTree = BUILT_PRODUCTS_DIR; };
		591F1731224CC0740072167B /* ViewControllerML.swift */ = {isa = PBXFileReference; lastKnownFileType = sourcecode.swift; path = ViewControllerML.swift; sourceTree = "<group>"; };
		591F1733224CC0810072167B /* Inceptionv3.mlmodel */ = {isa = PBXFileReference; lastKnownFileType = file.mlmodel; path = Inceptionv3.mlmodel; sourceTree = "<group>"; };
		59241BDB2244855C0006141B /* TestCard.app */ = {isa = PBXFileReference; explicitFileType = wrapper.application; includeInIndex = 0; path = TestCard.app; sourceTree = BUILT_PRODUCTS_DIR; };
		59241BDE2244855C0006141B /* AppDelegate.swift */ = {isa = PBXFileReference; lastKnownFileType = sourcecode.swift; path = AppDelegate.swift; sourceTree = "<group>"; };
		59241BE02244855C0006141B /* ViewController.swift */ = {isa = PBXFileReference; lastKnownFileType = sourcecode.swift; path = ViewController.swift; sourceTree = "<group>"; };
		59241BE32244855C0006141B /* Base */ = {isa = PBXFileReference; lastKnownFileType = file.storyboard; name = Base; path = Base.lproj/Main.storyboard; sourceTree = "<group>"; };
		59241BE52244855D0006141B /* Assets.xcassets */ = {isa = PBXFileReference; lastKnownFileType = folder.assetcatalog; path = Assets.xcassets; sourceTree = "<group>"; };
		59241BE82244855D0006141B /* Base */ = {isa = PBXFileReference; lastKnownFileType = file.storyboard; name = Base; path = Base.lproj/LaunchScreen.storyboard; sourceTree = "<group>"; };
		59241BEA2244855D0006141B /* Info.plist */ = {isa = PBXFileReference; lastKnownFileType = text.plist.xml; path = Info.plist; sourceTree = "<group>"; };
		59241BEF2244855D0006141B /* TestCardTests.xctest */ = {isa = PBXFileReference; explicitFileType = wrapper.cfbundle; includeInIndex = 0; path = TestCardTests.xctest; sourceTree = BUILT_PRODUCTS_DIR; };
		59241BF32244855D0006141B /* TestCardTests.swift */ = {isa = PBXFileReference; lastKnownFileType = sourcecode.swift; path = TestCardTests.swift; sourceTree = "<group>"; };
		59241BF52244855D0006141B /* Info.plist */ = {isa = PBXFileReference; lastKnownFileType = text.plist.xml; path = Info.plist; sourceTree = "<group>"; };
		59241BFA2244855D0006141B /* TestCardUITests.xctest */ = {isa = PBXFileReference; explicitFileType = wrapper.cfbundle; includeInIndex = 0; path = TestCardUITests.xctest; sourceTree = BUILT_PRODUCTS_DIR; };
		59241BFE2244855D0006141B /* TestCardUITests.swift */ = {isa = PBXFileReference; lastKnownFileType = sourcecode.swift; path = TestCardUITests.swift; sourceTree = "<group>"; };
		59241C002244855D0006141B /* Info.plist */ = {isa = PBXFileReference; lastKnownFileType = text.plist.xml; path = Info.plist; sourceTree = "<group>"; };
		59241C0C2244862B0006141B /* CollectionViewController.swift */ = {isa = PBXFileReference; lastKnownFileType = sourcecode.swift; path = CollectionViewController.swift; sourceTree = "<group>"; };
		59241C0E224486930006141B /* CollectionViewCell.swift */ = {isa = PBXFileReference; lastKnownFileType = sourcecode.swift; path = CollectionViewCell.swift; sourceTree = "<group>"; };
		59241C1022449CE90006141B /* CardModel.swift */ = {isa = PBXFileReference; lastKnownFileType = sourcecode.swift; path = CardModel.swift; sourceTree = "<group>"; };
		592591212248CB7B00D267C3 /* CollectionReusableView.swift */ = {isa = PBXFileReference; lastKnownFileType = sourcecode.swift; path = CollectionReusableView.swift; sourceTree = "<group>"; };
		5938D90F324F2D4178385498 /* Pods-TestCardTests.debug.xcconfig */ = {isa = PBXFileReference; includeInIndex = 1; lastKnownFileType = text.xcconfig; name = "Pods-TestCardTests.debug.xcconfig"; path = "Target Support Files/Pods-TestCardTests/Pods-TestCardTests.debug.xcconfig"; sourceTree = "<group>"; };
		701393D86F57D0E5879BEFDF /* Pods-TestCardUITests.debug.xcconfig */ = {isa = PBXFileReference; includeInIndex = 1; lastKnownFileType = text.xcconfig; name = "Pods-TestCardUITests.debug.xcconfig"; path = "Target Support Files/Pods-TestCardUITests/Pods-TestCardUITests.debug.xcconfig"; sourceTree = "<group>"; };
		81F4B775D7489704C15DD20A /* Pods_TestCardUITests.framework */ = {isa = PBXFileReference; explicitFileType = wrapper.framework; includeInIndex = 0; path = Pods_TestCardUITests.framework; sourceTree = BUILT_PRODUCTS_DIR; };
		A702A3179AA8A05EF7EC72DF /* Pods-TestCard.debug.xcconfig */ = {isa = PBXFileReference; includeInIndex = 1; lastKnownFileType = text.xcconfig; name = "Pods-TestCard.debug.xcconfig"; path = "Target Support Files/Pods-TestCard/Pods-TestCard.debug.xcconfig"; sourceTree = "<group>"; };
		B0BE6E504C25268D9B4C7789 /* Pods-TestCardTests.release.xcconfig */ = {isa = PBXFileReference; includeInIndex = 1; lastKnownFileType = text.xcconfig; name = "Pods-TestCardTests.release.xcconfig"; path = "Target Support Files/Pods-TestCardTests/Pods-TestCardTests.release.xcconfig"; sourceTree = "<group>"; };
		CB8010013555E5E4EA23FB6C /* Pods-TestCard.release.xcconfig */ = {isa = PBXFileReference; includeInIndex = 1; lastKnownFileType = text.xcconfig; name = "Pods-TestCard.release.xcconfig"; path = "Target Support Files/Pods-TestCard/Pods-TestCard.release.xcconfig"; sourceTree = "<group>"; };
		E480969272B7E4577978A5BC /* Pods-TestCardUITests.release.xcconfig */ = {isa = PBXFileReference; includeInIndex = 1; lastKnownFileType = text.xcconfig; name = "Pods-TestCardUITests.release.xcconfig"; path = "Target Support Files/Pods-TestCardUITests/Pods-TestCardUITests.release.xcconfig"; sourceTree = "<group>"; };
		E59524EC754B5E29160A2461 /* Pods_TestCardTests.framework */ = {isa = PBXFileReference; explicitFileType = wrapper.framework; includeInIndex = 0; path = Pods_TestCardTests.framework; sourceTree = BUILT_PRODUCTS_DIR; };
/* End PBXFileReference section */

/* Begin PBXFrameworksBuildPhase section */
		59241BD82244855C0006141B /* Frameworks */ = {
			isa = PBXFrameworksBuildPhase;
			buildActionMask = 2147483647;
			files = (
				B8570CA26746234DFD3B0117 /* Pods_TestCard.framework in Frameworks */,
			);
			runOnlyForDeploymentPostprocessing = 0;
		};
		59241BEC2244855D0006141B /* Frameworks */ = {
			isa = PBXFrameworksBuildPhase;
			buildActionMask = 2147483647;
			files = (
				84533113111A0D1D3FBBA91C /* Pods_TestCardTests.framework in Frameworks */,
			);
			runOnlyForDeploymentPostprocessing = 0;
		};
		59241BF72244855D0006141B /* Frameworks */ = {
			isa = PBXFrameworksBuildPhase;
			buildActionMask = 2147483647;
			files = (
				FDACAC2919517324DB92BCEF /* Pods_TestCardUITests.framework in Frameworks */,
			);
			runOnlyForDeploymentPostprocessing = 0;
		};
/* End PBXFrameworksBuildPhase section */

/* Begin PBXGroup section */
		26248A774E22168BED0393A0 /* Pods */ = {
			isa = PBXGroup;
			children = (
				A702A3179AA8A05EF7EC72DF /* Pods-TestCard.debug.xcconfig */,
				CB8010013555E5E4EA23FB6C /* Pods-TestCard.release.xcconfig */,
				5938D90F324F2D4178385498 /* Pods-TestCardTests.debug.xcconfig */,
				B0BE6E504C25268D9B4C7789 /* Pods-TestCardTests.release.xcconfig */,
				701393D86F57D0E5879BEFDF /* Pods-TestCardUITests.debug.xcconfig */,
				E480969272B7E4577978A5BC /* Pods-TestCardUITests.release.xcconfig */,
			);
			path = Pods;
			sourceTree = "<group>";
		};
		3E150E37ABD8CA607D58ED56 /* Frameworks */ = {
			isa = PBXGroup;
			children = (
				3167DC309603DDD090C7877C /* Pods_TestCard.framework */,
				E59524EC754B5E29160A2461 /* Pods_TestCardTests.framework */,
				81F4B775D7489704C15DD20A /* Pods_TestCardUITests.framework */,
			);
			name = Frameworks;
			sourceTree = "<group>";
		};
		59241BD22244855C0006141B = {
			isa = PBXGroup;
			children = (
				59241BDD2244855C0006141B /* TestCard */,
				59241BF22244855D0006141B /* TestCardTests */,
				59241BFD2244855D0006141B /* TestCardUITests */,
				59241BDC2244855C0006141B /* Products */,
				26248A774E22168BED0393A0 /* Pods */,
				3E150E37ABD8CA607D58ED56 /* Frameworks */,
			);
			sourceTree = "<group>";
		};
		59241BDC2244855C0006141B /* Products */ = {
			isa = PBXGroup;
			children = (
				59241BDB2244855C0006141B /* TestCard.app */,
				59241BEF2244855D0006141B /* TestCardTests.xctest */,
				59241BFA2244855D0006141B /* TestCardUITests.xctest */,
			);
			name = Products;
			sourceTree = "<group>";
		};
		59241BDD2244855C0006141B /* TestCard */ = {
			isa = PBXGroup;
			children = (
				59241BDE2244855C0006141B /* AppDelegate.swift */,
				59241BE02244855C0006141B /* ViewController.swift */,
				59241BE22244855C0006141B /* Main.storyboard */,
				591F1731224CC0740072167B /* ViewControllerML.swift */,
				59241C0E224486930006141B /* CollectionViewCell.swift */,
				59241C0C2244862B0006141B /* CollectionViewController.swift */,
				592591212248CB7B00D267C3 /* CollectionReusableView.swift */,
				59241BE52244855D0006141B /* Assets.xcassets */,
				59241BE72244855D0006141B /* LaunchScreen.storyboard */,
				59241BEA2244855D0006141B /* Info.plist */,
				591F1733224CC0810072167B /* Inceptionv3.mlmodel */,
				59241C1022449CE90006141B /* CardModel.swift */,
			);
			path = TestCard;
			sourceTree = "<group>";
		};
		59241BF22244855D0006141B /* TestCardTests */ = {
			isa = PBXGroup;
			children = (
				59241BF32244855D0006141B /* TestCardTests.swift */,
				59241BF52244855D0006141B /* Info.plist */,
			);
			path = TestCardTests;
			sourceTree = "<group>";
		};
		59241BFD2244855D0006141B /* TestCardUITests */ = {
			isa = PBXGroup;
			children = (
				59241BFE2244855D0006141B /* TestCardUITests.swift */,
				59241C002244855D0006141B /* Info.plist */,
			);
			path = TestCardUITests;
			sourceTree = "<group>";
		};
/* End PBXGroup section */

/* Begin PBXNativeTarget section */
		59241BDA2244855C0006141B /* TestCard */ = {
			isa = PBXNativeTarget;
			buildConfigurationList = 59241C032244855D0006141B /* Build configuration list for PBXNativeTarget "TestCard" */;
			buildPhases = (
				F94B9FBC05521E3FAA6ACAAC /* [CP] Check Pods Manifest.lock */,
				59241BD72244855C0006141B /* Sources */,
				59241BD82244855C0006141B /* Frameworks */,
				59241BD92244855C0006141B /* Resources */,
				5CEE4D24A760694898F6D6AB /* [CP] Embed Pods Frameworks */,
			);
			buildRules = (
			);
			dependencies = (
			);
			name = TestCard;
			productName = TestCard;
			productReference = 59241BDB2244855C0006141B /* TestCard.app */;
			productType = "com.apple.product-type.application";
		};
		59241BEE2244855D0006141B /* TestCardTests */ = {
			isa = PBXNativeTarget;
			buildConfigurationList = 59241C062244855D0006141B /* Build configuration list for PBXNativeTarget "TestCardTests" */;
			buildPhases = (
				5D590FA583FBDD0FB663733C /* [CP] Check Pods Manifest.lock */,
				59241BEB2244855D0006141B /* Sources */,
				59241BEC2244855D0006141B /* Frameworks */,
				59241BED2244855D0006141B /* Resources */,
			);
			buildRules = (
			);
			dependencies = (
				59241BF12244855D0006141B /* PBXTargetDependency */,
			);
			name = TestCardTests;
			productName = TestCardTests;
			productReference = 59241BEF2244855D0006141B /* TestCardTests.xctest */;
			productType = "com.apple.product-type.bundle.unit-test";
		};
		59241BF92244855D0006141B /* TestCardUITests */ = {
			isa = PBXNativeTarget;
			buildConfigurationList = 59241C092244855D0006141B /* Build configuration list for PBXNativeTarget "TestCardUITests" */;
			buildPhases = (
				1DFBA3BC3A40BD7F9A011CD8 /* [CP] Check Pods Manifest.lock */,
				59241BF62244855D0006141B /* Sources */,
				59241BF72244855D0006141B /* Frameworks */,
				59241BF82244855D0006141B /* Resources */,
			);
			buildRules = (
			);
			dependencies = (
				59241BFC2244855D0006141B /* PBXTargetDependency */,
			);
			name = TestCardUITests;
			productName = TestCardUITests;
			productReference = 59241BFA2244855D0006141B /* TestCardUITests.xctest */;
			productType = "com.apple.product-type.bundle.ui-testing";
		};
/* End PBXNativeTarget section */

/* Begin PBXProject section */
		59241BD32244855C0006141B /* Project object */ = {
			isa = PBXProject;
			attributes = {
				LastSwiftUpdateCheck = 1010;
				LastUpgradeCheck = 1010;
				ORGANIZATIONNAME = "Nathaniel Putera";
				TargetAttributes = {
					59241BDA2244855C0006141B = {
						CreatedOnToolsVersion = 10.1;
					};
					59241BEE2244855D0006141B = {
						CreatedOnToolsVersion = 10.1;
						TestTargetID = 59241BDA2244855C0006141B;
					};
					59241BF92244855D0006141B = {
						CreatedOnToolsVersion = 10.1;
						TestTargetID = 59241BDA2244855C0006141B;
					};
				};
			};
			buildConfigurationList = 59241BD62244855C0006141B /* Build configuration list for PBXProject "TestCard" */;
			compatibilityVersion = "Xcode 9.3";
			developmentRegion = en;
			hasScannedForEncodings = 0;
			knownRegions = (
				en,
				Base,
			);
			mainGroup = 59241BD22244855C0006141B;
			productRefGroup = 59241BDC2244855C0006141B /* Products */;
			projectDirPath = "";
			projectRoot = "";
			targets = (
				59241BDA2244855C0006141B /* TestCard */,
				59241BEE2244855D0006141B /* TestCardTests */,
				59241BF92244855D0006141B /* TestCardUITests */,
			);
		};
/* End PBXProject section */

/* Begin PBXResourcesBuildPhase section */
		59241BD92244855C0006141B /* Resources */ = {
			isa = PBXResourcesBuildPhase;
			buildActionMask = 2147483647;
			files = (
				59241BE92244855D0006141B /* LaunchScreen.storyboard in Resources */,
				59241BE62244855D0006141B /* Assets.xcassets in Resources */,
				59241BE42244855C0006141B /* Main.storyboard in Resources */,
			);
			runOnlyForDeploymentPostprocessing = 0;
		};
		59241BED2244855D0006141B /* Resources */ = {
			isa = PBXResourcesBuildPhase;
			buildActionMask = 2147483647;
			files = (
			);
			runOnlyForDeploymentPostprocessing = 0;
		};
		59241BF82244855D0006141B /* Resources */ = {
			isa = PBXResourcesBuildPhase;
			buildActionMask = 2147483647;
			files = (
			);
			runOnlyForDeploymentPostprocessing = 0;
		};
/* End PBXResourcesBuildPhase section */

/* Begin PBXShellScriptBuildPhase section */
		1DFBA3BC3A40BD7F9A011CD8 /* [CP] Check Pods Manifest.lock */ = {
			isa = PBXShellScriptBuildPhase;
			buildActionMask = 2147483647;
			files = (
			);
			inputFileListPaths = (
			);
			inputPaths = (
				"${PODS_PODFILE_DIR_PATH}/Podfile.lock",
				"${PODS_ROOT}/Manifest.lock",
			);
			name = "[CP] Check Pods Manifest.lock";
			outputFileListPaths = (
			);
			outputPaths = (
				"$(DERIVED_FILE_DIR)/Pods-TestCardUITests-checkManifestLockResult.txt",
			);
			runOnlyForDeploymentPostprocessing = 0;
			shellPath = /bin/sh;
			shellScript = "diff \"${PODS_PODFILE_DIR_PATH}/Podfile.lock\" \"${PODS_ROOT}/Manifest.lock\" > /dev/null\nif [ $? != 0 ] ; then\n    # print error to STDERR\n    echo \"error: The sandbox is not in sync with the Podfile.lock. Run 'pod install' or update your CocoaPods installation.\" >&2\n    exit 1\nfi\n# This output is used by Xcode 'outputs' to avoid re-running this script phase.\necho \"SUCCESS\" > \"${SCRIPT_OUTPUT_FILE_0}\"\n";
			showEnvVarsInLog = 0;
		};
		5CEE4D24A760694898F6D6AB /* [CP] Embed Pods Frameworks */ = {
			isa = PBXShellScriptBuildPhase;
			buildActionMask = 2147483647;
			files = (
			);
			inputFileListPaths = (
			);
			inputPaths = (
				"${PODS_ROOT}/Target Support Files/Pods-TestCard/Pods-TestCard-frameworks.sh",
				"${BUILT_PRODUCTS_DIR}/Alamofire/Alamofire.framework",
				"${BUILT_PRODUCTS_DIR}/SwiftyJSON/SwiftyJSON.framework",
			);
			name = "[CP] Embed Pods Frameworks";
			outputFileListPaths = (
			);
			outputPaths = (
				"${TARGET_BUILD_DIR}/${FRAMEWORKS_FOLDER_PATH}/Alamofire.framework",
				"${TARGET_BUILD_DIR}/${FRAMEWORKS_FOLDER_PATH}/SwiftyJSON.framework",
			);
			runOnlyForDeploymentPostprocessing = 0;
			shellPath = /bin/sh;
			shellScript = "\"${PODS_ROOT}/Target Support Files/Pods-TestCard/Pods-TestCard-frameworks.sh\"\n";
			showEnvVarsInLog = 0;
		};
		5D590FA583FBDD0FB663733C /* [CP] Check Pods Manifest.lock */ = {
			isa = PBXShellScriptBuildPhase;
			buildActionMask = 2147483647;
			files = (
			);
			inputFileListPaths = (
			);
			inputPaths = (
				"${PODS_PODFILE_DIR_PATH}/Podfile.lock",
				"${PODS_ROOT}/Manifest.lock",
			);
			name = "[CP] Check Pods Manifest.lock";
			outputFileListPaths = (
			);
			outputPaths = (
				"$(DERIVED_FILE_DIR)/Pods-TestCardTests-checkManifestLockResult.txt",
			);
			runOnlyForDeploymentPostprocessing = 0;
			shellPath = /bin/sh;
			shellScript = "diff \"${PODS_PODFILE_DIR_PATH}/Podfile.lock\" \"${PODS_ROOT}/Manifest.lock\" > /dev/null\nif [ $? != 0 ] ; then\n    # print error to STDERR\n    echo \"error: The sandbox is not in sync with the Podfile.lock. Run 'pod install' or update your CocoaPods installation.\" >&2\n    exit 1\nfi\n# This output is used by Xcode 'outputs' to avoid re-running this script phase.\necho \"SUCCESS\" > \"${SCRIPT_OUTPUT_FILE_0}\"\n";
			showEnvVarsInLog = 0;
		};
		F94B9FBC05521E3FAA6ACAAC /* [CP] Check Pods Manifest.lock */ = {
			isa = PBXShellScriptBuildPhase;
			buildActionMask = 2147483647;
			files = (
			);
			inputFileListPaths = (
			);
			inputPaths = (
				"${PODS_PODFILE_DIR_PATH}/Podfile.lock",
				"${PODS_ROOT}/Manifest.lock",
			);
			name = "[CP] Check Pods Manifest.lock";
			outputFileListPaths = (
			);
			outputPaths = (
				"$(DERIVED_FILE_DIR)/Pods-TestCard-checkManifestLockResult.txt",
			);
			runOnlyForDeploymentPostprocessing = 0;
			shellPath = /bin/sh;
			shellScript = "diff \"${PODS_PODFILE_DIR_PATH}/Podfile.lock\" \"${PODS_ROOT}/Manifest.lock\" > /dev/null\nif [ $? != 0 ] ; then\n    # print error to STDERR\n    echo \"error: The sandbox is not in sync with the Podfile.lock. Run 'pod install' or update your CocoaPods installation.\" >&2\n    exit 1\nfi\n# This output is used by Xcode 'outputs' to avoid re-running this script phase.\necho \"SUCCESS\" > \"${SCRIPT_OUTPUT_FILE_0}\"\n";
			showEnvVarsInLog = 0;
		};
/* End PBXShellScriptBuildPhase section */

/* Begin PBXSourcesBuildPhase section */
		59241BD72244855C0006141B /* Sources */ = {
			isa = PBXSourcesBuildPhase;
			buildActionMask = 2147483647;
			files = (
				59241C0D2244862B0006141B /* CollectionViewController.swift in Sources */,
				59241BE12244855C0006141B /* ViewController.swift in Sources */,
				59241C0F224486930006141B /* CollectionViewCell.swift in Sources */,
				592591222248CB7B00D267C3 /* CollectionReusableView.swift in Sources */,
				591F1732224CC0740072167B /* ViewControllerML.swift in Sources */,
				591F1734224CC0810072167B /* Inceptionv3.mlmodel in Sources */,
				59241BDF2244855C0006141B /* AppDelegate.swift in Sources */,
				59241C1122449CE90006141B /* CardModel.swift in Sources */,
			);
			runOnlyForDeploymentPostprocessing = 0;
		};
		59241BEB2244855D0006141B /* Sources */ = {
			isa = PBXSourcesBuildPhase;
			buildActionMask = 2147483647;
			files = (
				59241BF42244855D0006141B /* TestCardTests.swift in Sources */,
			);
			runOnlyForDeploymentPostprocessing = 0;
		};
		59241BF62244855D0006141B /* Sources */ = {
			isa = PBXSourcesBuildPhase;
			buildActionMask = 2147483647;
			files = (
				59241BFF2244855D0006141B /* TestCardUITests.swift in Sources */,
			);
			runOnlyForDeploymentPostprocessing = 0;
		};
/* End PBXSourcesBuildPhase section */

/* Begin PBXTargetDependency section */
		59241BF12244855D0006141B /* PBXTargetDependency */ = {
			isa = PBXTargetDependency;
			target = 59241BDA2244855C0006141B /* TestCard */;
			targetProxy = 59241BF02244855D0006141B /* PBXContainerItemProxy */;
		};
		59241BFC2244855D0006141B /* PBXTargetDependency */ = {
			isa = PBXTargetDependency;
			target = 59241BDA2244855C0006141B /* TestCard */;
			targetProxy = 59241BFB2244855D0006141B /* PBXContainerItemProxy */;
		};
/* End PBXTargetDependency section */

/* Begin PBXVariantGroup section */
		59241BE22244855C0006141B /* Main.storyboard */ = {
			isa = PBXVariantGroup;
			children = (
				59241BE32244855C0006141B /* Base */,
			);
			name = Main.storyboard;
			sourceTree = "<group>";
		};
		59241BE72244855D0006141B /* LaunchScreen.storyboard */ = {
			isa = PBXVariantGroup;
			children = (
				59241BE82244855D0006141B /* Base */,
			);
			name = LaunchScreen.storyboard;
			sourceTree = "<group>";
		};
/* End PBXVariantGroup section */

/* Begin XCBuildConfiguration section */
		59241C012244855D0006141B /* Debug */ = {
			isa = XCBuildConfiguration;
			buildSettings = {
				ALWAYS_SEARCH_USER_PATHS = NO;
				CLANG_ANALYZER_NONNULL = YES;
				CLANG_ANALYZER_NUMBER_OBJECT_CONVERSION = YES_AGGRESSIVE;
				CLANG_CXX_LANGUAGE_STANDARD = "gnu++14";
				CLANG_CXX_LIBRARY = "libc++";
				CLANG_ENABLE_MODULES = YES;
				CLANG_ENABLE_OBJC_ARC = YES;
				CLANG_ENABLE_OBJC_WEAK = YES;
				CLANG_WARN_BLOCK_CAPTURE_AUTORELEASING = YES;
				CLANG_WARN_BOOL_CONVERSION = YES;
				CLANG_WARN_COMMA = YES;
				CLANG_WARN_CONSTANT_CONVERSION = YES;
				CLANG_WARN_DEPRECATED_OBJC_IMPLEMENTATIONS = YES;
				CLANG_WARN_DIRECT_OBJC_ISA_USAGE = YES_ERROR;
				CLANG_WARN_DOCUMENTATION_COMMENTS = YES;
				CLANG_WARN_EMPTY_BODY = YES;
				CLANG_WARN_ENUM_CONVERSION = YES;
				CLANG_WARN_INFINITE_RECURSION = YES;
				CLANG_WARN_INT_CONVERSION = YES;
				CLANG_WARN_NON_LITERAL_NULL_CONVERSION = YES;
				CLANG_WARN_OBJC_IMPLICIT_RETAIN_SELF = YES;
				CLANG_WARN_OBJC_LITERAL_CONVERSION = YES;
				CLANG_WARN_OBJC_ROOT_CLASS = YES_ERROR;
				CLANG_WARN_RANGE_LOOP_ANALYSIS = YES;
				CLANG_WARN_STRICT_PROTOTYPES = YES;
				CLANG_WARN_SUSPICIOUS_MOVE = YES;
				CLANG_WARN_UNGUARDED_AVAILABILITY = YES_AGGRESSIVE;
				CLANG_WARN_UNREACHABLE_CODE = YES;
				CLANG_WARN__DUPLICATE_METHOD_MATCH = YES;
				CODE_SIGN_IDENTITY = "iPhone Developer";
				COPY_PHASE_STRIP = NO;
				DEBUG_INFORMATION_FORMAT = dwarf;
				ENABLE_STRICT_OBJC_MSGSEND = YES;
				ENABLE_TESTABILITY = YES;
				GCC_C_LANGUAGE_STANDARD = gnu11;
				GCC_DYNAMIC_NO_PIC = NO;
				GCC_NO_COMMON_BLOCKS = YES;
				GCC_OPTIMIZATION_LEVEL = 0;
				GCC_PREPROCESSOR_DEFINITIONS = (
					"DEBUG=1",
					"$(inherited)",
				);
				GCC_WARN_64_TO_32_BIT_CONVERSION = YES;
				GCC_WARN_ABOUT_RETURN_TYPE = YES_ERROR;
				GCC_WARN_UNDECLARED_SELECTOR = YES;
				GCC_WARN_UNINITIALIZED_AUTOS = YES_AGGRESSIVE;
				GCC_WARN_UNUSED_FUNCTION = YES;
				GCC_WARN_UNUSED_VARIABLE = YES;
				IPHONEOS_DEPLOYMENT_TARGET = 12.1;
				MTL_ENABLE_DEBUG_INFO = INCLUDE_SOURCE;
				MTL_FAST_MATH = YES;
				ONLY_ACTIVE_ARCH = YES;
				SDKROOT = iphoneos;
				SWIFT_ACTIVE_COMPILATION_CONDITIONS = DEBUG;
				SWIFT_OPTIMIZATION_LEVEL = "-Onone";
			};
			name = Debug;
		};
		59241C022244855D0006141B /* Release */ = {
			isa = XCBuildConfiguration;
			buildSettings = {
				ALWAYS_SEARCH_USER_PATHS = NO;
				CLANG_ANALYZER_NONNULL = YES;
				CLANG_ANALYZER_NUMBER_OBJECT_CONVERSION = YES_AGGRESSIVE;
				CLANG_CXX_LANGUAGE_STANDARD = "gnu++14";
				CLANG_CXX_LIBRARY = "libc++";
				CLANG_ENABLE_MODULES = YES;
				CLANG_ENABLE_OBJC_ARC = YES;
				CLANG_ENABLE_OBJC_WEAK = YES;
				CLANG_WARN_BLOCK_CAPTURE_AUTORELEASING = YES;
				CLANG_WARN_BOOL_CONVERSION = YES;
				CLANG_WARN_COMMA = YES;
				CLANG_WARN_CONSTANT_CONVERSION = YES;
				CLANG_WARN_DEPRECATED_OBJC_IMPLEMENTATIONS = YES;
				CLANG_WARN_DIRECT_OBJC_ISA_USAGE = YES_ERROR;
				CLANG_WARN_DOCUMENTATION_COMMENTS = YES;
				CLANG_WARN_EMPTY_BODY = YES;
				CLANG_WARN_ENUM_CONVERSION = YES;
				CLANG_WARN_INFINITE_RECURSION = YES;
				CLANG_WARN_INT_CONVERSION = YES;
				CLANG_WARN_NON_LITERAL_NULL_CONVERSION = YES;
				CLANG_WARN_OBJC_IMPLICIT_RETAIN_SELF = YES;
				CLANG_WARN_OBJC_LITERAL_CONVERSION = YES;
				CLANG_WARN_OBJC_ROOT_CLASS = YES_ERROR;
				CLANG_WARN_RANGE_LOOP_ANALYSIS = YES;
				CLANG_WARN_STRICT_PROTOTYPES = YES;
				CLANG_WARN_SUSPICIOUS_MOVE = YES;
				CLANG_WARN_UNGUARDED_AVAILABILITY = YES_AGGRESSIVE;
				CLANG_WARN_UNREACHABLE_CODE = YES;
				CLANG_WARN__DUPLICATE_METHOD_MATCH = YES;
				CODE_SIGN_IDENTITY = "iPhone Developer";
				COPY_PHASE_STRIP = NO;
				DEBUG_INFORMATION_FORMAT = "dwarf-with-dsym";
				ENABLE_NS_ASSERTIONS = NO;
				ENABLE_STRICT_OBJC_MSGSEND = YES;
				GCC_C_LANGUAGE_STANDARD = gnu11;
				GCC_NO_COMMON_BLOCKS = YES;
				GCC_WARN_64_TO_32_BIT_CONVERSION = YES;
				GCC_WARN_ABOUT_RETURN_TYPE = YES_ERROR;
				GCC_WARN_UNDECLARED_SELECTOR = YES;
				GCC_WARN_UNINITIALIZED_AUTOS = YES_AGGRESSIVE;
				GCC_WARN_UNUSED_FUNCTION = YES;
				GCC_WARN_UNUSED_VARIABLE = YES;
				IPHONEOS_DEPLOYMENT_TARGET = 12.1;
				MTL_ENABLE_DEBUG_INFO = NO;
				MTL_FAST_MATH = YES;
				SDKROOT = iphoneos;
				SWIFT_COMPILATION_MODE = wholemodule;
				SWIFT_OPTIMIZATION_LEVEL = "-O";
				VALIDATE_PRODUCT = YES;
			};
			name = Release;
		};
		59241C042244855D0006141B /* Debug */ = {
			isa = XCBuildConfiguration;
			baseConfigurationReference = A702A3179AA8A05EF7EC72DF /* Pods-TestCard.debug.xcconfig */;
			buildSettings = {
				ASSETCATALOG_COMPILER_APPICON_NAME = AppIcon;
				CODE_SIGN_STYLE = Automatic;
				DEVELOPMENT_TEAM = NXV8BV4M3L;
				INFOPLIST_FILE = TestCard/Info.plist;
				LD_RUNPATH_SEARCH_PATHS = (
					"$(inherited)",
					"@executable_path/Frameworks",
				);
				PRODUCT_BUNDLE_IDENTIFIER = Test.TestCard;
				PRODUCT_NAME = "$(TARGET_NAME)";
				SWIFT_VERSION = 4.2;
				TARGETED_DEVICE_FAMILY = "1,2";
			};
			name = Debug;
		};
		59241C052244855D0006141B /* Release */ = {
			isa = XCBuildConfiguration;
			baseConfigurationReference = CB8010013555E5E4EA23FB6C /* Pods-TestCard.release.xcconfig */;
			buildSettings = {
				ASSETCATALOG_COMPILER_APPICON_NAME = AppIcon;
				CODE_SIGN_STYLE = Automatic;
				DEVELOPMENT_TEAM = NXV8BV4M3L;
				INFOPLIST_FILE = TestCard/Info.plist;
				LD_RUNPATH_SEARCH_PATHS = (
					"$(inherited)",
					"@executable_path/Frameworks",
				);
				PRODUCT_BUNDLE_IDENTIFIER = Test.TestCard;
				PRODUCT_NAME = "$(TARGET_NAME)";
				SWIFT_VERSION = 4.2;
				TARGETED_DEVICE_FAMILY = "1,2";
			};
			name = Release;
		};
		59241C072244855D0006141B /* Debug */ = {
			isa = XCBuildConfiguration;
			baseConfigurationReference = 5938D90F324F2D4178385498 /* Pods-TestCardTests.debug.xcconfig */;
			buildSettings = {
				ALWAYS_EMBED_SWIFT_STANDARD_LIBRARIES = YES;
				BUNDLE_LOADER = "$(TEST_HOST)";
				CODE_SIGN_STYLE = Automatic;
				INFOPLIST_FILE = TestCardTests/Info.plist;
				LD_RUNPATH_SEARCH_PATHS = (
					"$(inherited)",
					"@executable_path/Frameworks",
					"@loader_path/Frameworks",
				);
				PRODUCT_BUNDLE_IDENTIFIER = Test.TestCardTests;
				PRODUCT_NAME = "$(TARGET_NAME)";
				SWIFT_VERSION = 4.2;
				TARGETED_DEVICE_FAMILY = "1,2";
				TEST_HOST = "$(BUILT_PRODUCTS_DIR)/TestCard.app/TestCard";
			};
			name = Debug;
		};
		59241C082244855D0006141B /* Release */ = {
			isa = XCBuildConfiguration;
			baseConfigurationReference = B0BE6E504C25268D9B4C7789 /* Pods-TestCardTests.release.xcconfig */;
			buildSettings = {
				ALWAYS_EMBED_SWIFT_STANDARD_LIBRARIES = YES;
				BUNDLE_LOADER = "$(TEST_HOST)";
				CODE_SIGN_STYLE = Automatic;
				INFOPLIST_FILE = TestCardTests/Info.plist;
				LD_RUNPATH_SEARCH_PATHS = (
					"$(inherited)",
					"@executable_path/Frameworks",
					"@loader_path/Frameworks",
				);
				PRODUCT_BUNDLE_IDENTIFIER = Test.TestCardTests;
				PRODUCT_NAME = "$(TARGET_NAME)";
				SWIFT_VERSION = 4.2;
				TARGETED_DEVICE_FAMILY = "1,2";
				TEST_HOST = "$(BUILT_PRODUCTS_DIR)/TestCard.app/TestCard";
			};
			name = Release;
		};
		59241C0A2244855D0006141B /* Debug */ = {
			isa = XCBuildConfiguration;
			baseConfigurationReference = 701393D86F57D0E5879BEFDF /* Pods-TestCardUITests.debug.xcconfig */;
			buildSettings = {
				ALWAYS_EMBED_SWIFT_STANDARD_LIBRARIES = YES;
				CODE_SIGN_STYLE = Automatic;
				INFOPLIST_FILE = TestCardUITests/Info.plist;
				LD_RUNPATH_SEARCH_PATHS = (
					"$(inherited)",
					"@executable_path/Frameworks",
					"@loader_path/Frameworks",
				);
				PRODUCT_BUNDLE_IDENTIFIER = Test.TestCardUITests;
				PRODUCT_NAME = "$(TARGET_NAME)";
				SWIFT_VERSION = 4.2;
				TARGETED_DEVICE_FAMILY = "1,2";
				TEST_TARGET_NAME = TestCard;
			};
			name = Debug;
		};
		59241C0B2244855D0006141B /* Release */ = {
			isa = XCBuildConfiguration;
			baseConfigurationReference = E480969272B7E4577978A5BC /* Pods-TestCardUITests.release.xcconfig */;
			buildSettings = {
				ALWAYS_EMBED_SWIFT_STANDARD_LIBRARIES = YES;
				CODE_SIGN_STYLE = Automatic;
				INFOPLIST_FILE = TestCardUITests/Info.plist;
				LD_RUNPATH_SEARCH_PATHS = (
					"$(inherited)",
					"@executable_path/Frameworks",
					"@loader_path/Frameworks",
				);
				PRODUCT_BUNDLE_IDENTIFIER = Test.TestCardUITests;
				PRODUCT_NAME = "$(TARGET_NAME)";
				SWIFT_VERSION = 4.2;
				TARGETED_DEVICE_FAMILY = "1,2";
				TEST_TARGET_NAME = TestCard;
			};
			name = Release;
		};
/* End XCBuildConfiguration section */

/* Begin XCConfigurationList section */
		59241BD62244855C0006141B /* Build configuration list for PBXProject "TestCard" */ = {
			isa = XCConfigurationList;
			buildConfigurations = (
				59241C012244855D0006141B /* Debug */,
				59241C022244855D0006141B /* Release */,
			);
			defaultConfigurationIsVisible = 0;
			defaultConfigurationName = Release;
		};
		59241C032244855D0006141B /* Build configuration list for PBXNativeTarget "TestCard" */ = {
			isa = XCConfigurationList;
			buildConfigurations = (
				59241C042244855D0006141B /* Debug */,
				59241C052244855D0006141B /* Release */,
			);
			defaultConfigurationIsVisible = 0;
			defaultConfigurationName = Release;
		};
		59241C062244855D0006141B /* Build configuration list for PBXNativeTarget "TestCardTests" */ = {
			isa = XCConfigurationList;
			buildConfigurations = (
				59241C072244855D0006141B /* Debug */,
				59241C082244855D0006141B /* Release */,
			);
			defaultConfigurationIsVisible = 0;
			defaultConfigurationName = Release;
		};
		59241C092244855D0006141B /* Build configuration list for PBXNativeTarget "TestCardUITests" */ = {
			isa = XCConfigurationList;
			buildConfigurations = (
				59241C0A2244855D0006141B /* Debug */,
				59241C0B2244855D0006141B /* Release */,
			);
			defaultConfigurationIsVisible = 0;
			defaultConfigurationName = Release;
		};
/* End XCConfigurationList section */
	};
	rootObject = 59241BD32244855C0006141B /* Project object */;
}
